
Microsoft Visual Studio Solution File, Format Version 12.00
# Visual Studio 15
VisualStudioVersion = 15.0.27428.2037
MinimumVisualStudioVersion = 10.0.40219.1
Project("{FAE04EC0-301F-11D3-BF4B-00C04F79EFBC}") = "Ringo.Functions", "Ringo.Functions\Ringo.Functions.csproj", "{CA240C43-B9AB-4481-8D74-9763E522FDA9}"
EndProject
Project("{FAE04EC0-301F-11D3-BF4B-00C04F79EFBC}") = "Ringo.Tests", "..\Ringo.Tests\Ringo.Tests.csproj", "{EBAAA18A-EF11-49D7-B968-2FAE4A906683}"
EndProject
Project("{FAE04EC0-301F-11D3-BF4B-00C04F79EFBC}") = "Ringo.Common", "Ringo.Common\Ringo.Common.csproj", "{4CB7D610-D2CE-4730-80C5-2369F2F6551F}"
EndProject
Global
	GlobalSection(SolutionConfigurationPlatforms) = preSolution
		Debug|Any CPU = Debug|Any CPU
		Release|Any CPU = Release|Any CPU
	EndGlobalSection
	GlobalSection(ProjectConfigurationPlatforms) = postSolution
		{CA240C43-B9AB-4481-8D74-9763E522FDA9}.Debug|Any CPU.ActiveCfg = Debug|Any CPU
		{CA240C43-B9AB-4481-8D74-9763E522FDA9}.Debug|Any CPU.Build.0 = Debug|Any CPU
		{CA240C43-B9AB-4481-8D74-9763E522FDA9}.Release|Any CPU.ActiveCfg = Release|Any CPU
		{CA240C43-B9AB-4481-8D74-9763E522FDA9}.Release|Any CPU.Build.0 = Release|Any CPU
		{EBAAA18A-EF11-49D7-B968-2FAE4A906683}.Debug|Any CPU.ActiveCfg = Debug|Any CPU
		{EBAAA18A-EF11-49D7-B968-2FAE4A906683}.Debug|Any CPU.Build.0 = Debug|Any CPU
		{EBAAA18A-EF11-49D7-B968-2FAE4A906683}.Release|Any CPU.ActiveCfg = Release|Any CPU
		{EBAAA18A-EF11-49D7-B968-2FAE4A906683}.Release|Any CPU.Build.0 = Release|Any CPU
		{4CB7D610-D2CE-4730-80C5-2369F2F6551F}.Debug|Any CPU.ActiveCfg = Debug|Any CPU
		{4CB7D610-D2CE-4730-80C5-2369F2F6551F}.Debug|Any CPU.Build.0 = Debug|Any CPU
		{4CB7D610-D2CE-4730-80C5-2369F2F6551F}.Release|Any CPU.ActiveCfg = Release|Any CPU
		{4CB7D610-D2CE-4730-80C5-2369F2F6551F}.Release|Any CPU.Build.0 = Release|Any CPU
	EndGlobalSection
	GlobalSection(SolutionProperties) = preSolution
		HideSolutionNode = FALSE
	EndGlobalSection
	GlobalSection(ExtensibilityGlobals) = postSolution
		SolutionGuid = {6C1AC4DC-5F8A-4659-B5ED-1669AC18FB9D}
	EndGlobalSection
EndGlobal
