
Microsoft Visual Studio Solution File, Format Version 12.00
# Visual Studio 15
VisualStudioVersion = 15.0.27428.2037
MinimumVisualStudioVersion = 10.0.40219.1
Project("{9A19103F-16F7-4668-BE54-9A1E7A4F7556}") = "Ringo.Common", "Ringo.Common\Ringo.Common.csproj", "{731C7A59-263D-40AF-9232-F5D7BD2649E9}"
EndProject
Project("{9A19103F-16F7-4668-BE54-9A1E7A4F7556}") = "Ringo.Functions", "Ringo.Functions\Ringo.Functions.csproj", "{F758016A-855D-46EF-AE59-861C55A60A8B}"
EndProject
Project("{9A19103F-16F7-4668-BE54-9A1E7A4F7556}") = "Ringo.Tests", "Ringo.Tests\Ringo.Tests.csproj", "{A62207DB-916F-47FE-A5BB-21A60CA69E6D}"
EndProject
Global
	GlobalSection(SolutionConfigurationPlatforms) = preSolution
		Debug|Any CPU = Debug|Any CPU
		Release|Any CPU = Release|Any CPU
	EndGlobalSection
	GlobalSection(ProjectConfigurationPlatforms) = postSolution
		{731C7A59-263D-40AF-9232-F5D7BD2649E9}.Debug|Any CPU.ActiveCfg = Debug|Any CPU
		{731C7A59-263D-40AF-9232-F5D7BD2649E9}.Debug|Any CPU.Build.0 = Debug|Any CPU
		{731C7A59-263D-40AF-9232-F5D7BD2649E9}.Release|Any CPU.ActiveCfg = Release|Any CPU
		{731C7A59-263D-40AF-9232-F5D7BD2649E9}.Release|Any CPU.Build.0 = Release|Any CPU
		{F758016A-855D-46EF-AE59-861C55A60A8B}.Debug|Any CPU.ActiveCfg = Debug|Any CPU
		{F758016A-855D-46EF-AE59-861C55A60A8B}.Debug|Any CPU.Build.0 = Debug|Any CPU
		{F758016A-855D-46EF-AE59-861C55A60A8B}.Release|Any CPU.ActiveCfg = Release|Any CPU
		{F758016A-855D-46EF-AE59-861C55A60A8B}.Release|Any CPU.Build.0 = Release|Any CPU
		{A62207DB-916F-47FE-A5BB-21A60CA69E6D}.Debug|Any CPU.ActiveCfg = Debug|Any CPU
		{A62207DB-916F-47FE-A5BB-21A60CA69E6D}.Debug|Any CPU.Build.0 = Debug|Any CPU
		{A62207DB-916F-47FE-A5BB-21A60CA69E6D}.Release|Any CPU.ActiveCfg = Release|Any CPU
		{A62207DB-916F-47FE-A5BB-21A60CA69E6D}.Release|Any CPU.Build.0 = Release|Any CPU
	EndGlobalSection
	GlobalSection(SolutionProperties) = preSolution
		HideSolutionNode = FALSE
	EndGlobalSection
	GlobalSection(ExtensibilityGlobals) = postSolution
		SolutionGuid = {A947EEA5-BA91-46D4-BCDC-15B8BB9BE172}
	EndGlobalSection
EndGlobal
